
Microsoft Visual Studio Solution File, Format Version 12.00
# Visual Studio 15
VisualStudioVersion = 15.0.28307.271
MinimumVisualStudioVersion = 10.0.40219.1
Project("{FAE04EC0-301F-11D3-BF4B-00C04F79EFBC}") = "Wirte-In-Ballots", "Wirte-In-Ballots\Wirte-In-Ballots.csproj", "{2E787220-A063-4D45-B8AB-D1666DBCE11E}"
EndProject
Project("{FAE04EC0-301F-11D3-BF4B-00C04F79EFBC}") = "Write-In-BallotsTests", "UnitBallots\Write-In-BallotsTests.csproj", "{5F6BBA27-0341-4B7E-A84E-DA6A5608F0EC}"
EndProject
Global
	GlobalSection(SolutionConfigurationPlatforms) = preSolution
		Debug|Any CPU = Debug|Any CPU
		Release|Any CPU = Release|Any CPU
	EndGlobalSection
	GlobalSection(ProjectConfigurationPlatforms) = postSolution
		{2E787220-A063-4D45-B8AB-D1666DBCE11E}.Debug|Any CPU.ActiveCfg = Debug|Any CPU
		{2E787220-A063-4D45-B8AB-D1666DBCE11E}.Debug|Any CPU.Build.0 = Debug|Any CPU
		{2E787220-A063-4D45-B8AB-D1666DBCE11E}.Release|Any CPU.ActiveCfg = Release|Any CPU
		{2E787220-A063-4D45-B8AB-D1666DBCE11E}.Release|Any CPU.Build.0 = Release|Any CPU
		{5F6BBA27-0341-4B7E-A84E-DA6A5608F0EC}.Debug|Any CPU.ActiveCfg = Debug|Any CPU
		{5F6BBA27-0341-4B7E-A84E-DA6A5608F0EC}.Debug|Any CPU.Build.0 = Debug|Any CPU
		{5F6BBA27-0341-4B7E-A84E-DA6A5608F0EC}.Release|Any CPU.ActiveCfg = Release|Any CPU
		{5F6BBA27-0341-4B7E-A84E-DA6A5608F0EC}.Release|Any CPU.Build.0 = Release|Any CPU
	EndGlobalSection
	GlobalSection(SolutionProperties) = preSolution
		HideSolutionNode = FALSE
	EndGlobalSection
	GlobalSection(ExtensibilityGlobals) = postSolution
		SolutionGuid = {3709D9DF-B773-4444-901F-000BE84B7BEF}
	EndGlobalSection
EndGlobal
